
Microsoft Visual Studio Solution File, Format Version 12.00
# Visual Studio Version 17
VisualStudioVersion = 17.0.32112.339
MinimumVisualStudioVersion = 10.0.40219.1
Project("{9A19103F-16F7-4668-BE54-9A1E7A4F7556}") = "DeveloperBlog", "DeveloperBlog\DeveloperBlog.csproj", "{0B111FEA-F288-4135-B67B-67FEECAAB76F}"
EndProject
Project("{9A19103F-16F7-4668-BE54-9A1E7A4F7556}") = "DeveloperBlog.xUnitTests", "DeveloperBlog.xUnitTests\DeveloperBlog.xUnitTests.csproj", "{F87FDCD9-FF75-439B-8B3C-7CBDEEA0683E}"
EndProject
Global
	GlobalSection(SolutionConfigurationPlatforms) = preSolution
		Debug|Any CPU = Debug|Any CPU
		Debug|ARM64 = Debug|ARM64
		Release|Any CPU = Release|Any CPU
		Release|ARM64 = Release|ARM64
	EndGlobalSection
	GlobalSection(ProjectConfigurationPlatforms) = postSolution
		{0B111FEA-F288-4135-B67B-67FEECAAB76F}.Debug|Any CPU.ActiveCfg = Debug|Any CPU
		{0B111FEA-F288-4135-B67B-67FEECAAB76F}.Debug|Any CPU.Build.0 = Debug|Any CPU
		{0B111FEA-F288-4135-B67B-67FEECAAB76F}.Debug|ARM64.ActiveCfg = Debug|ARM64
		{0B111FEA-F288-4135-B67B-67FEECAAB76F}.Debug|ARM64.Build.0 = Debug|ARM64
		{0B111FEA-F288-4135-B67B-67FEECAAB76F}.Release|Any CPU.ActiveCfg = Release|Any CPU
		{0B111FEA-F288-4135-B67B-67FEECAAB76F}.Release|Any CPU.Build.0 = Release|Any CPU
		{0B111FEA-F288-4135-B67B-67FEECAAB76F}.Release|ARM64.ActiveCfg = Release|ARM64
		{0B111FEA-F288-4135-B67B-67FEECAAB76F}.Release|ARM64.Build.0 = Release|ARM64
		{F87FDCD9-FF75-439B-8B3C-7CBDEEA0683E}.Debug|Any CPU.ActiveCfg = Debug|Any CPU
		{F87FDCD9-FF75-439B-8B3C-7CBDEEA0683E}.Debug|Any CPU.Build.0 = Debug|Any CPU
		{F87FDCD9-FF75-439B-8B3C-7CBDEEA0683E}.Debug|ARM64.ActiveCfg = Debug|Any CPU
		{F87FDCD9-FF75-439B-8B3C-7CBDEEA0683E}.Debug|ARM64.Build.0 = Debug|Any CPU
		{F87FDCD9-FF75-439B-8B3C-7CBDEEA0683E}.Release|Any CPU.ActiveCfg = Release|Any CPU
		{F87FDCD9-FF75-439B-8B3C-7CBDEEA0683E}.Release|Any CPU.Build.0 = Release|Any CPU
		{F87FDCD9-FF75-439B-8B3C-7CBDEEA0683E}.Release|ARM64.ActiveCfg = Release|Any CPU
		{F87FDCD9-FF75-439B-8B3C-7CBDEEA0683E}.Release|ARM64.Build.0 = Release|Any CPU
	EndGlobalSection
	GlobalSection(SolutionProperties) = preSolution
		HideSolutionNode = FALSE
	EndGlobalSection
	GlobalSection(ExtensibilityGlobals) = postSolution
		SolutionGuid = {3F6D8EAE-37D2-46BE-8330-A62C09757EAF}
	EndGlobalSection
EndGlobal
